
Microsoft Visual Studio Solution File, Format Version 12.00
# Visual Studio Version 17
VisualStudioVersion = 17.7.34018.315
MinimumVisualStudioVersion = 10.0.40219.1
Project("{FAE04EC0-301F-11D3-BF4B-00C04F79EFBC}") = "Brand.Api", "Brand.Api.csproj", "{5C305279-21B2-4ADA-9EDB-9C9EDDEAF7B2}"
EndProject
Global
	GlobalSection(SolutionConfigurationPlatforms) = preSolution
		Debug|Any CPU = Debug|Any CPU
		Release|Any CPU = Release|Any CPU
	EndGlobalSection
	GlobalSection(ProjectConfigurationPlatforms) = postSolution
		{5C305279-21B2-4ADA-9EDB-9C9EDDEAF7B2}.Debug|Any CPU.ActiveCfg = Debug|Any CPU
		{5C305279-21B2-4ADA-9EDB-9C9EDDEAF7B2}.Debug|Any CPU.Build.0 = Debug|Any CPU
		{5C305279-21B2-4ADA-9EDB-9C9EDDEAF7B2}.Release|Any CPU.ActiveCfg = Release|Any CPU
		{5C305279-21B2-4ADA-9EDB-9C9EDDEAF7B2}.Release|Any CPU.Build.0 = Release|Any CPU
	EndGlobalSection
	GlobalSection(SolutionProperties) = preSolution
		HideSolutionNode = FALSE
	EndGlobalSection
	GlobalSection(ExtensibilityGlobals) = postSolution
		SolutionGuid = {BD896DA8-6207-4049-A27F-6B5CDDD161BD}
	EndGlobalSection
EndGlobal
